
Microsoft Visual Studio Solution File, Format Version 12.00
# Visual Studio Version 17
VisualStudioVersion = 17.14.36414.22 d17.14
MinimumVisualStudioVersion = 10.0.40219.1
Project("{FAE04EC0-301F-11D3-BF4B-00C04F79EFBC}") = "Konnect-4New", "Konnect-4New.csproj", "{95046CE2-71F8-4FEC-89B0-75A59536ED20}"
EndProject
Global
	GlobalSection(SolutionConfigurationPlatforms) = preSolution
		Debug|Any CPU = Debug|Any CPU
		Release|Any CPU = Release|Any CPU
	EndGlobalSection
	GlobalSection(ProjectConfigurationPlatforms) = postSolution
		{95046CE2-71F8-4FEC-89B0-75A59536ED20}.Debug|Any CPU.ActiveCfg = Debug|Any CPU
		{95046CE2-71F8-4FEC-89B0-75A59536ED20}.Debug|Any CPU.Build.0 = Debug|Any CPU
		{95046CE2-71F8-4FEC-89B0-75A59536ED20}.Release|Any CPU.ActiveCfg = Release|Any CPU
		{95046CE2-71F8-4FEC-89B0-75A59536ED20}.Release|Any CPU.Build.0 = Release|Any CPU
	EndGlobalSection
	GlobalSection(SolutionProperties) = preSolution
		HideSolutionNode = FALSE
	EndGlobalSection
	GlobalSection(ExtensibilityGlobals) = postSolution
		SolutionGuid = {5A06C7CE-2931-4643-AC57-2EE49B222305}
	EndGlobalSection
EndGlobal
